// !$*UTF8*$!
{
	archiveVersion = 1;
	classes = {
	};
	objectVersion = 77;
	objects = {

/* Begin PBXBuildFile section */
		014DFEC8C009A62DEE528DB8 /* FireLink.swift in Sources */ = {isa = PBXBuildFile; fileRef = 591015D9F644E59FA54F1F17 /* FireLink.swift */; };
		155AF2A80212860CB27AF8E9 /* FireLink.swift in Sources */ = {isa = PBXBuildFile; fileRef = 591015D9F644E59FA54F1F17 /* FireLink.swift */; };
		1C4641E8B135FADDBDCD113D /* SystemRootView.swift in Sources */ = {isa = PBXBuildFile; fileRef = 708EAA998414ED763ADF1ABC /* SystemRootView.swift */; };
		1D9E65BE93E758309C6F6860 /* Building.swift in Sources */ = {isa = PBXBuildFile; fileRef = 28B86C6349765605ABA34BF0 /* Building.swift */; };
		24951FF027954A9E32AD3C8E /* FireLink.swift in Sources */ = {isa = PBXBuildFile; fileRef = 591015D9F644E59FA54F1F17 /* FireLink.swift */; };
		24EBBF9EB4ECBDBA1E4D5986 /* Theme.swift in Sources */ = {isa = PBXBuildFile; fileRef = F2D45681E5B91BBBFA8D2874 /* Theme.swift */; };
		2E6E44D3A220E1826A09A846 /* Assets.xcassets in Resources */ = {isa = PBXBuildFile; fileRef = 2A5A3AFE5096B5745DD5AEFC /* Assets.xcassets */; };
		303AC3B45FF4D65923AF093B /* CameraSource.swift in Sources */ = {isa = PBXBuildFile; fileRef = 7706BCB7B57BD9E4D3618170 /* CameraSource.swift */; };
		352FBE13F402B8A995A4ED1E /* UserStore.swift in Sources */ = {isa = PBXBuildFile; fileRef = A41E5ED4105733516D1DD3D2 /* UserStore.swift */; };
		3877D48278D00EEEE477CD43 /* DetectView.swift in Sources */ = {isa = PBXBuildFile; fileRef = 55E75D4F1746C64C00C6E3C4 /* DetectView.swift */; };
		3D059F145F5C61D1055E6390 /* Assets.xcassets in Resources */ = {isa = PBXBuildFile; fileRef = 2A5A3AFE5096B5745DD5AEFC /* Assets.xcassets */; };
		427C3FF7E61FFAF3EA67A5A7 /* ThermalFrame.swift in Sources */ = {isa = PBXBuildFile; fileRef = 31C66F7B38E8A139DC3C7409 /* ThermalFrame.swift */; };
		436B1A4FED58086F8F69D843 /* LiveMonitorView.swift in Sources */ = {isa = PBXBuildFile; fileRef = 48F0BA81FF3C3FAC208DDB71 /* LiveMonitorView.swift */; };
		492F7979246020317DED2566 /* CityHeatMapView.swift in Sources */ = {isa = PBXBuildFile; fileRef = 743B34A89BF4C73F1267773F /* CityHeatMapView.swift */; };
		5143840153DE854626C06A82 /* EvacuationTests.swift in Sources */ = {isa = PBXBuildFile; fileRef = 8AA78A284C9DC414120B3D80 /* EvacuationTests.swift */; };
		522A34DFDF39266B666E06D5 /* ThermalFrame.swift in Sources */ = {isa = PBXBuildFile; fileRef = 31C66F7B38E8A139DC3C7409 /* ThermalFrame.swift */; };
		57D19993B788635B1D9B057F /* Theme.swift in Sources */ = {isa = PBXBuildFile; fileRef = F2D45681E5B91BBBFA8D2874 /* Theme.swift */; };
		60B59CB7191B936F7C281B82 /* SystemStore.swift in Sources */ = {isa = PBXBuildFile; fileRef = C2AA0B3FF7DDD6C5C6F48343 /* SystemStore.swift */; };
		6755342201772C8E89CFBBE5 /* demo-live.gif in Resources */ = {isa = PBXBuildFile; fileRef = AC2FA5F5F1444D1C8CC51CEA /* demo-live.gif */; };
		67556A5CB4178CAF5F459988 /* ThermalGuardSystemApp.swift in Sources */ = {isa = PBXBuildFile; fileRef = 353081AC799CCC105741D19F /* ThermalGuardSystemApp.swift */; };
		7CDA95CFD78ABD0EAAD85CFE /* ThermalFrame.swift in Sources */ = {isa = PBXBuildFile; fileRef = 31C66F7B38E8A139DC3C7409 /* ThermalFrame.swift */; };
		7FD4A9A59D548121486A9867 /* Evacuation.swift in Sources */ = {isa = PBXBuildFile; fileRef = 88C8804B7FFA92E47F4A1BBB /* Evacuation.swift */; };
		900F7C69EE4DC25179831B11 /* HeadingProvider.swift in Sources */ = {isa = PBXBuildFile; fileRef = 0C54606B939E404C89020F3B /* HeadingProvider.swift */; };
		9D40973362D2CE8766122406 /* Building.swift in Sources */ = {isa = PBXBuildFile; fileRef = 28B86C6349765605ABA34BF0 /* Building.swift */; };
		A5B376BF422368D1CBA4E609 /* UserHomeView.swift in Sources */ = {isa = PBXBuildFile; fileRef = 3506C7587B7C342C61370F1F /* UserHomeView.swift */; };
		AB423E06325A3E059ED7D775 /* Evacuation.swift in Sources */ = {isa = PBXBuildFile; fileRef = 88C8804B7FFA92E47F4A1BBB /* Evacuation.swift */; };
		B2B1F4F3209D4EB38A47A63F /* demo-live.gif in Resources */ = {isa = PBXBuildFile; fileRef = AC2FA5F5F1444D1C8CC51CEA /* demo-live.gif */; };
		D4B13C4009AB4B10337DD10A /* Building.swift in Sources */ = {isa = PBXBuildFile; fileRef = 28B86C6349765605ABA34BF0 /* Building.swift */; };
		D4BA61B00C5005AD9731FFAA /* CameraSource.swift in Sources */ = {isa = PBXBuildFile; fileRef = 7706BCB7B57BD9E4D3618170 /* CameraSource.swift */; };
		D81249BD5BAB70E2FABD2A3A /* ThermalGuardUserApp.swift in Sources */ = {isa = PBXBuildFile; fileRef = 33FF9E989DCBACBBE2BFAF99 /* ThermalGuardUserApp.swift */; };
		E3F1097FF2D784DA8A3589CA /* Theme.swift in Sources */ = {isa = PBXBuildFile; fileRef = F2D45681E5B91BBBFA8D2874 /* Theme.swift */; };
		F5467D2FB047299046F10D0A /* Evacuation.swift in Sources */ = {isa = PBXBuildFile; fileRef = 88C8804B7FFA92E47F4A1BBB /* Evacuation.swift */; };
		FCF14EDCA55CC3DD3BCE2568 /* CompassDialView.swift in Sources */ = {isa = PBXBuildFile; fileRef = 64D60C24BFAAC118A124B8EB /* CompassDialView.swift */; };
		FF9D69C826718C8FBB23521A /* CameraSource.swift in Sources */ = {isa = PBXBuildFile; fileRef = 7706BCB7B57BD9E4D3618170 /* CameraSource.swift */; };
/* End PBXBuildFile section */

/* Begin PBXFileReference section */
		0C54606B939E404C89020F3B /* HeadingProvider.swift */ = {isa = PBXFileReference; lastKnownFileType = sourcecode.swift; path = HeadingProvider.swift; sourceTree = "<group>"; };
		0EF2269B07A76D6D75563A82 /* ThermalGuardCoreTests.xctest */ = {isa = PBXFileReference; includeInIndex = 0; lastKnownFileType = wrapper.cfbundle; path = ThermalGuardCoreTests.xctest; sourceTree = BUILT_PRODUCTS_DIR; };
		17379FB7997C3C42CC3CD2FF /* ThermalGuardUser.app */ = {isa = PBXFileReference; includeInIndex = 0; lastKnownFileType = wrapper.application; path = ThermalGuardUser.app; sourceTree = BUILT_PRODUCTS_DIR; };
		28B86C6349765605ABA34BF0 /* Building.swift */ = {isa = PBXFileReference; lastKnownFileType = sourcecode.swift; path = Building.swift; sourceTree = "<group>"; };
		2A5A3AFE5096B5745DD5AEFC /* Assets.xcassets */ = {isa = PBXFileReference; lastKnownFileType = folder.assetcatalog; path = Assets.xcassets; sourceTree = "<group>"; };
		31C66F7B38E8A139DC3C7409 /* ThermalFrame.swift */ = {isa = PBXFileReference; lastKnownFileType = sourcecode.swift; path = ThermalFrame.swift; sourceTree = "<group>"; };
		31EBEFFF1B11815A20F96BFF /* ThermalGuardSystem.app */ = {isa = PBXFileReference; includeInIndex = 0; lastKnownFileType = wrapper.application; path = ThermalGuardSystem.app; sourceTree = BUILT_PRODUCTS_DIR; };
		33FF9E989DCBACBBE2BFAF99 /* ThermalGuardUserApp.swift */ = {isa = PBXFileReference; lastKnownFileType = sourcecode.swift; path = ThermalGuardUserApp.swift; sourceTree = "<group>"; };
		3506C7587B7C342C61370F1F /* UserHomeView.swift */ = {isa = PBXFileReference; lastKnownFileType = sourcecode.swift; path = UserHomeView.swift; sourceTree = "<group>"; };
		353081AC799CCC105741D19F /* ThermalGuardSystemApp.swift */ = {isa = PBXFileReference; lastKnownFileType = sourcecode.swift; path = ThermalGuardSystemApp.swift; sourceTree = "<group>"; };
		48F0BA81FF3C3FAC208DDB71 /* LiveMonitorView.swift */ = {isa = PBXFileReference; lastKnownFileType = sourcecode.swift; path = LiveMonitorView.swift; sourceTree = "<group>"; };
		55E75D4F1746C64C00C6E3C4 /* DetectView.swift */ = {isa = PBXFileReference; lastKnownFileType = sourcecode.swift; path = DetectView.swift; sourceTree = "<group>"; };
		591015D9F644E59FA54F1F17 /* FireLink.swift */ = {isa = PBXFileReference; lastKnownFileType = sourcecode.swift; path = FireLink.swift; sourceTree = "<group>"; };
		64D60C24BFAAC118A124B8EB /* CompassDialView.swift */ = {isa = PBXFileReference; lastKnownFileType = sourcecode.swift; path = CompassDialView.swift; sourceTree = "<group>"; };
		708EAA998414ED763ADF1ABC /* SystemRootView.swift */ = {isa = PBXFileReference; lastKnownFileType = sourcecode.swift; path = SystemRootView.swift; sourceTree = "<group>"; };
		743B34A89BF4C73F1267773F /* CityHeatMapView.swift */ = {isa = PBXFileReference; lastKnownFileType = sourcecode.swift; path = CityHeatMapView.swift; sourceTree = "<group>"; };
		7706BCB7B57BD9E4D3618170 /* CameraSource.swift */ = {isa = PBXFileReference; lastKnownFileType = sourcecode.swift; path = CameraSource.swift; sourceTree = "<group>"; };
		88C8804B7FFA92E47F4A1BBB /* Evacuation.swift */ = {isa = PBXFileReference; lastKnownFileType = sourcecode.swift; path = Evacuation.swift; sourceTree = "<group>"; };
		8AA78A284C9DC414120B3D80 /* EvacuationTests.swift */ = {isa = PBXFileReference; lastKnownFileType = sourcecode.swift; path = EvacuationTests.swift; sourceTree = "<group>"; };
		A41E5ED4105733516D1DD3D2 /* UserStore.swift */ = {isa = PBXFileReference; lastKnownFileType = sourcecode.swift; path = UserStore.swift; sourceTree = "<group>"; };
		AC2FA5F5F1444D1C8CC51CEA /* demo-live.gif */ = {isa = PBXFileReference; lastKnownFileType = image.gif; path = "demo-live.gif"; sourceTree = "<group>"; };
		C2AA0B3FF7DDD6C5C6F48343 /* SystemStore.swift */ = {isa = PBXFileReference; lastKnownFileType = sourcecode.swift; path = SystemStore.swift; sourceTree = "<group>"; };
		F2D45681E5B91BBBFA8D2874 /* Theme.swift */ = {isa = PBXFileReference; lastKnownFileType = sourcecode.swift; path = Theme.swift; sourceTree = "<group>"; };
/* End PBXFileReference section */

/* Begin PBXGroup section */
		0E932810B3748C464245C83D /* System */ = {
			isa = PBXGroup;
			children = (
				743B34A89BF4C73F1267773F /* CityHeatMapView.swift */,
				55E75D4F1746C64C00C6E3C4 /* DetectView.swift */,
				48F0BA81FF3C3FAC208DDB71 /* LiveMonitorView.swift */,
				708EAA998414ED763ADF1ABC /* SystemRootView.swift */,
				C2AA0B3FF7DDD6C5C6F48343 /* SystemStore.swift */,
				353081AC799CCC105741D19F /* ThermalGuardSystemApp.swift */,
			);
			path = System;
			sourceTree = "<group>";
		};
		256CCE4D775C3680841A1FF6 /* Sources */ = {
			isa = PBXGroup;
			children = (
				2BD0B068C00ABCD298C84CED /* Core */,
				0E932810B3748C464245C83D /* System */,
				A470DE1AAE96DE341994C26B /* User */,
			);
			path = Sources;
			sourceTree = "<group>";
		};
		2BD0B068C00ABCD298C84CED /* Core */ = {
			isa = PBXGroup;
			children = (
				28B86C6349765605ABA34BF0 /* Building.swift */,
				7706BCB7B57BD9E4D3618170 /* CameraSource.swift */,
				88C8804B7FFA92E47F4A1BBB /* Evacuation.swift */,
				591015D9F644E59FA54F1F17 /* FireLink.swift */,
				F2D45681E5B91BBBFA8D2874 /* Theme.swift */,
				31C66F7B38E8A139DC3C7409 /* ThermalFrame.swift */,
			);
			path = Core;
			sourceTree = "<group>";
		};
		926FA26682261CF5444CC12A = {
			isa = PBXGroup;
			children = (
				A2AD0D1599A27A807C77C93D /* Resources */,
				256CCE4D775C3680841A1FF6 /* Sources */,
				FF72F37E11F2D102B4B78CF1 /* Tests */,
				DCB8AB657E843F512CCBC93C /* Products */,
			);
			sourceTree = "<group>";
		};
		A2AD0D1599A27A807C77C93D /* Resources */ = {
			isa = PBXGroup;
			children = (
				2A5A3AFE5096B5745DD5AEFC /* Assets.xcassets */,
				AC2FA5F5F1444D1C8CC51CEA /* demo-live.gif */,
			);
			path = Resources;
			sourceTree = "<group>";
		};
		A470DE1AAE96DE341994C26B /* User */ = {
			isa = PBXGroup;
			children = (
				64D60C24BFAAC118A124B8EB /* CompassDialView.swift */,
				0C54606B939E404C89020F3B /* HeadingProvider.swift */,
				33FF9E989DCBACBBE2BFAF99 /* ThermalGuardUserApp.swift */,
				3506C7587B7C342C61370F1F /* UserHomeView.swift */,
				A41E5ED4105733516D1DD3D2 /* UserStore.swift */,
			);
			path = User;
			sourceTree = "<group>";
		};
		DCB8AB657E843F512CCBC93C /* Products */ = {
			isa = PBXGroup;
			children = (
				0EF2269B07A76D6D75563A82 /* ThermalGuardCoreTests.xctest */,
				31EBEFFF1B11815A20F96BFF /* ThermalGuardSystem.app */,
				17379FB7997C3C42CC3CD2FF /* ThermalGuardUser.app */,
			);
			name = Products;
			sourceTree = "<group>";
		};
		FDD89977AA26CE3C75009155 /* CoreTests */ = {
			isa = PBXGroup;
			children = (
				8AA78A284C9DC414120B3D80 /* EvacuationTests.swift */,
			);
			path = CoreTests;
			sourceTree = "<group>";
		};
		FF72F37E11F2D102B4B78CF1 /* Tests */ = {
			isa = PBXGroup;
			children = (
				FDD89977AA26CE3C75009155 /* CoreTests */,
			);
			path = Tests;
			sourceTree = "<group>";
		};
/* End PBXGroup section */

/* Begin PBXNativeTarget section */
		16181185FAA971251B984561 /* ThermalGuardCoreTests */ = {
			isa = PBXNativeTarget;
			buildConfigurationList = C095BA5B08B22591331EE824 /* Build configuration list for PBXNativeTarget "ThermalGuardCoreTests" */;
			buildPhases = (
				45968CA2226A7037083D1258 /* Sources */,
			);
			buildRules = (
			);
			dependencies = (
			);
			name = ThermalGuardCoreTests;
			packageProductDependencies = (
			);
			productName = ThermalGuardCoreTests;
			productReference = 0EF2269B07A76D6D75563A82 /* ThermalGuardCoreTests.xctest */;
			productType = "com.apple.product-type.bundle.unit-test";
		};
		646A14DE34623C64E7CB9F49 /* ThermalGuardUser */ = {
			isa = PBXNativeTarget;
			buildConfigurationList = 0949B9646AD6E2D37D0785AF /* Build configuration list for PBXNativeTarget "ThermalGuardUser" */;
			buildPhases = (
				6AF9E14AA6D9E2C938B4F7FD /* Sources */,
				664F39A1D3A22460DCCC2294 /* Resources */,
			);
			buildRules = (
			);
			dependencies = (
			);
			name = ThermalGuardUser;
			packageProductDependencies = (
			);
			productName = ThermalGuardUser;
			productReference = 17379FB7997C3C42CC3CD2FF /* ThermalGuardUser.app */;
			productType = "com.apple.product-type.application";
		};
		E6E931EF0E26F0B1808C3A1A /* ThermalGuardSystem */ = {
			isa = PBXNativeTarget;
			buildConfigurationList = 4F2A05BA88AB33EC07864366 /* Build configuration list for PBXNativeTarget "ThermalGuardSystem" */;
			buildPhases = (
				76610416D174C5268DA02D14 /* Sources */,
				15EE2AE43F961C838372ED7E /* Resources */,
			);
			buildRules = (
			);
			dependencies = (
			);
			name = ThermalGuardSystem;
			packageProductDependencies = (
			);
			productName = ThermalGuardSystem;
			productReference = 31EBEFFF1B11815A20F96BFF /* ThermalGuardSystem.app */;
			productType = "com.apple.product-type.application";
		};
/* End PBXNativeTarget section */

/* Begin PBXProject section */
		7AC313E8958C0D3C155FCA7E /* Project object */ = {
			isa = PBXProject;
			attributes = {
				BuildIndependentTargetsInParallel = YES;
				LastUpgradeCheck = 1430;
				TargetAttributes = {
				};
			};
			buildConfigurationList = BBD76593DD040B65060ED371 /* Build configuration list for PBXProject "ThermalGuard" */;
			developmentRegion = en;
			hasScannedForEncodings = 0;
			knownRegions = (
				Base,
				en,
			);
			mainGroup = 926FA26682261CF5444CC12A;
			minimizedProjectReferenceProxies = 1;
			preferredProjectObjectVersion = 77;
			productRefGroup = DCB8AB657E843F512CCBC93C /* Products */;
			projectDirPath = "";
			projectRoot = "";
			targets = (
				646A14DE34623C64E7CB9F49 /* ThermalGuardUser */,
				E6E931EF0E26F0B1808C3A1A /* ThermalGuardSystem */,
				16181185FAA971251B984561 /* ThermalGuardCoreTests */,
			);
		};
/* End PBXProject section */

/* Begin PBXResourcesBuildPhase section */
		15EE2AE43F961C838372ED7E /* Resources */ = {
			isa = PBXResourcesBuildPhase;
			buildActionMask = 2147483647;
			files = (
				2E6E44D3A220E1826A09A846 /* Assets.xcassets in Resources */,
				6755342201772C8E89CFBBE5 /* demo-live.gif in Resources */,
			);
			runOnlyForDeploymentPostprocessing = 0;
		};
		664F39A1D3A22460DCCC2294 /* Resources */ = {
			isa = PBXResourcesBuildPhase;
			buildActionMask = 2147483647;
			files = (
				3D059F145F5C61D1055E6390 /* Assets.xcassets in Resources */,
				B2B1F4F3209D4EB38A47A63F /* demo-live.gif in Resources */,
			);
			runOnlyForDeploymentPostprocessing = 0;
		};
/* End PBXResourcesBuildPhase section */

/* Begin PBXSourcesBuildPhase section */
		45968CA2226A7037083D1258 /* Sources */ = {
			isa = PBXSourcesBuildPhase;
			buildActionMask = 2147483647;
			files = (
				9D40973362D2CE8766122406 /* Building.swift in Sources */,
				D4BA61B00C5005AD9731FFAA /* CameraSource.swift in Sources */,
				AB423E06325A3E059ED7D775 /* Evacuation.swift in Sources */,
				5143840153DE854626C06A82 /* EvacuationTests.swift in Sources */,
				014DFEC8C009A62DEE528DB8 /* FireLink.swift in Sources */,
				E3F1097FF2D784DA8A3589CA /* Theme.swift in Sources */,
				7CDA95CFD78ABD0EAAD85CFE /* ThermalFrame.swift in Sources */,
			);
			runOnlyForDeploymentPostprocessing = 0;
		};
		6AF9E14AA6D9E2C938B4F7FD /* Sources */ = {
			isa = PBXSourcesBuildPhase;
			buildActionMask = 2147483647;
			files = (
				1D9E65BE93E758309C6F6860 /* Building.swift in Sources */,
				FF9D69C826718C8FBB23521A /* CameraSource.swift in Sources */,
				FCF14EDCA55CC3DD3BCE2568 /* CompassDialView.swift in Sources */,
				F5467D2FB047299046F10D0A /* Evacuation.swift in Sources */,
				155AF2A80212860CB27AF8E9 /* FireLink.swift in Sources */,
				900F7C69EE4DC25179831B11 /* HeadingProvider.swift in Sources */,
				57D19993B788635B1D9B057F /* Theme.swift in Sources */,
				522A34DFDF39266B666E06D5 /* ThermalFrame.swift in Sources */,
				D81249BD5BAB70E2FABD2A3A /* ThermalGuardUserApp.swift in Sources */,
				A5B376BF422368D1CBA4E609 /* UserHomeView.swift in Sources */,
				352FBE13F402B8A995A4ED1E /* UserStore.swift in Sources */,
			);
			runOnlyForDeploymentPostprocessing = 0;
		};
		76610416D174C5268DA02D14 /* Sources */ = {
			isa = PBXSourcesBuildPhase;
			buildActionMask = 2147483647;
			files = (
				D4B13C4009AB4B10337DD10A /* Building.swift in Sources */,
				303AC3B45FF4D65923AF093B /* CameraSource.swift in Sources */,
				492F7979246020317DED2566 /* CityHeatMapView.swift in Sources */,
				3877D48278D00EEEE477CD43 /* DetectView.swift in Sources */,
				7FD4A9A59D548121486A9867 /* Evacuation.swift in Sources */,
				24951FF027954A9E32AD3C8E /* FireLink.swift in Sources */,
				436B1A4FED58086F8F69D843 /* LiveMonitorView.swift in Sources */,
				1C4641E8B135FADDBDCD113D /* SystemRootView.swift in Sources */,
				60B59CB7191B936F7C281B82 /* SystemStore.swift in Sources */,
				24EBBF9EB4ECBDBA1E4D5986 /* Theme.swift in Sources */,
				427C3FF7E61FFAF3EA67A5A7 /* ThermalFrame.swift in Sources */,
				67556A5CB4178CAF5F459988 /* ThermalGuardSystemApp.swift in Sources */,
			);
			runOnlyForDeploymentPostprocessing = 0;
		};
/* End PBXSourcesBuildPhase section */

/* Begin XCBuildConfiguration section */
		15ED76095A443ACBB4794B08 /* Debug */ = {
			isa = XCBuildConfiguration;
			buildSettings = {
				BUNDLE_LOADER = "$(TEST_HOST)";
				GENERATE_INFOPLIST_FILE = YES;
				LD_RUNPATH_SEARCH_PATHS = (
					"$(inherited)",
					"@executable_path/Frameworks",
					"@loader_path/Frameworks",
				);
				PRODUCT_BUNDLE_IDENTIFIER = com.thermalguard.coretests;
				SDKROOT = iphoneos;
				TARGETED_DEVICE_FAMILY = "1,2";
			};
			name = Debug;
		};
		3AA4B198C364714A5A3702A7 /* Debug */ = {
			isa = XCBuildConfiguration;
			buildSettings = {
				ASSETCATALOG_COMPILER_APPICON_NAME = AppIcon;
				CODE_SIGN_IDENTITY = "iPhone Developer";
				CURRENT_PROJECT_VERSION = 1;
				INFOPLIST_FILE = Info/System.plist;
				INFOPLIST_KEY_UIStatusBarStyle = UIStatusBarStyleLightContent;
				LD_RUNPATH_SEARCH_PATHS = (
					"$(inherited)",
					"@executable_path/Frameworks",
				);
				MARKETING_VERSION = 1.0;
				PRODUCT_BUNDLE_IDENTIFIER = com.thermalguard.system;
				PRODUCT_NAME = ThermalGuardSystem;
				SDKROOT = iphoneos;
				TARGETED_DEVICE_FAMILY = 1;
			};
			name = Debug;
		};
		3F06AD7CFEDA05870A805D67 /* Debug */ = {
			isa = XCBuildConfiguration;
			buildSettings = {
				ASSETCATALOG_COMPILER_APPICON_NAME = AppIcon;
				CODE_SIGN_IDENTITY = "iPhone Developer";
				CURRENT_PROJECT_VERSION = 1;
				INFOPLIST_FILE = Info/User.plist;
				INFOPLIST_KEY_UIStatusBarStyle = UIStatusBarStyleLightContent;
				LD_RUNPATH_SEARCH_PATHS = (
					"$(inherited)",
					"@executable_path/Frameworks",
				);
				MARKETING_VERSION = 1.0;
				PRODUCT_BUNDLE_IDENTIFIER = com.thermalguard.user;
				PRODUCT_NAME = ThermalGuardUser;
				SDKROOT = iphoneos;
				TARGETED_DEVICE_FAMILY = 1;
			};
			name = Debug;
		};
		87C5D40CEEADE607D7AA5437 /* Debug */ = {
			isa = XCBuildConfiguration;
			buildSettings = {
				ALWAYS_SEARCH_USER_PATHS = NO;
				CLANG_ANALYZER_NONNULL = YES;
				CLANG_ANALYZER_NUMBER_OBJECT_CONVERSION = YES_AGGRESSIVE;
				CLANG_CXX_LANGUAGE_STANDARD = "gnu++14";
				CLANG_CXX_LIBRARY = "libc++";
				CLANG_ENABLE_MODULES = YES;
				CLANG_ENABLE_OBJC_ARC = YES;
				CLANG_ENABLE_OBJC_WEAK = YES;
				CLANG_WARN_BLOCK_CAPTURE_AUTORELEASING = YES;
				CLANG_WARN_BOOL_CONVERSION = YES;
				CLANG_WARN_COMMA = YES;
				CLANG_WARN_CONSTANT_CONVERSION = YES;
				CLANG_WARN_DEPRECATED_OBJC_IMPLEMENTATIONS = YES;
				CLANG_WARN_DIRECT_OBJC_ISA_USAGE = YES_ERROR;
				CLANG_WARN_DOCUMENTATION_COMMENTS = YES;
				CLANG_WARN_EMPTY_BODY = YES;
				CLANG_WARN_ENUM_CONVERSION = YES;
				CLANG_WARN_INFINITE_RECURSION = YES;
				CLANG_WARN_INT_CONVERSION = YES;
				CLANG_WARN_NON_LITERAL_NULL_CONVERSION = YES;
				CLANG_WARN_OBJC_IMPLICIT_RETAIN_SELF = YES;
				CLANG_WARN_OBJC_LITERAL_CONVERSION = YES;
				CLANG_WARN_OBJC_ROOT_CLASS = YES_ERROR;
				CLANG_WARN_QUOTED_INCLUDE_IN_FRAMEWORK_HEADER = YES;
				CLANG_WARN_RANGE_LOOP_ANALYSIS = YES;
				CLANG_WARN_STRICT_PROTOTYPES = YES;
				CLANG_WARN_SUSPICIOUS_MOVE = YES;
				CLANG_WARN_UNGUARDED_AVAILABILITY = YES_AGGRESSIVE;
				CLANG_WARN_UNREACHABLE_CODE = YES;
				CLANG_WARN__DUPLICATE_METHOD_MATCH = YES;
				CODE_SIGNING_ALLOWED = NO;
				COPY_PHASE_STRIP = NO;
				DEBUG_INFORMATION_FORMAT = dwarf;
				ENABLE_STRICT_OBJC_MSGSEND = YES;
				ENABLE_TESTABILITY = YES;
				ENABLE_USER_SCRIPT_SANDBOXING = YES;
				GCC_C_LANGUAGE_STANDARD = gnu11;
				GCC_DYNAMIC_NO_PIC = NO;
				GCC_NO_COMMON_BLOCKS = YES;
				GCC_OPTIMIZATION_LEVEL = 0;
				GCC_PREPROCESSOR_DEFINITIONS = (
					"$(inherited)",
					"DEBUG=1",
				);
				GCC_WARN_64_TO_32_BIT_CONVERSION = YES;
				GCC_WARN_ABOUT_RETURN_TYPE = YES_ERROR;
				GCC_WARN_UNDECLARED_SELECTOR = YES;
				GCC_WARN_UNINITIALIZED_AUTOS = YES_AGGRESSIVE;
				GCC_WARN_UNUSED_FUNCTION = YES;
				GCC_WARN_UNUSED_VARIABLE = YES;
				IPHONEOS_DEPLOYMENT_TARGET = 17.0;
				MTL_ENABLE_DEBUG_INFO = INCLUDE_SOURCE;
				MTL_FAST_MATH = YES;
				ONLY_ACTIVE_ARCH = YES;
				PRODUCT_NAME = "$(TARGET_NAME)";
				SDKROOT = iphoneos;
				SWIFT_ACTIVE_COMPILATION_CONDITIONS = DEBUG;
				SWIFT_OPTIMIZATION_LEVEL = "-Onone";
				SWIFT_VERSION = 5.0;
			};
			name = Debug;
		};
		B0DD695298D9D98640F9CA41 /* Release */ = {
			isa = XCBuildConfiguration;
			buildSettings = {
				ASSETCATALOG_COMPILER_APPICON_NAME = AppIcon;
				CODE_SIGN_IDENTITY = "iPhone Developer";
				CURRENT_PROJECT_VERSION = 1;
				INFOPLIST_FILE = Info/System.plist;
				INFOPLIST_KEY_UIStatusBarStyle = UIStatusBarStyleLightContent;
				LD_RUNPATH_SEARCH_PATHS = (
					"$(inherited)",
					"@executable_path/Frameworks",
				);
				MARKETING_VERSION = 1.0;
				PRODUCT_BUNDLE_IDENTIFIER = com.thermalguard.system;
				PRODUCT_NAME = ThermalGuardSystem;
				SDKROOT = iphoneos;
				TARGETED_DEVICE_FAMILY = 1;
			};
			name = Release;
		};
		C412CF3F1D52F48A022B4BF4 /* Release */ = {
			isa = XCBuildConfiguration;
			buildSettings = {
				ALWAYS_SEARCH_USER_PATHS = NO;
				CLANG_ANALYZER_NONNULL = YES;
				CLANG_ANALYZER_NUMBER_OBJECT_CONVERSION = YES_AGGRESSIVE;
				CLANG_CXX_LANGUAGE_STANDARD = "gnu++14";
				CLANG_CXX_LIBRARY = "libc++";
				CLANG_ENABLE_MODULES = YES;
				CLANG_ENABLE_OBJC_ARC = YES;
				CLANG_ENABLE_OBJC_WEAK = YES;
				CLANG_WARN_BLOCK_CAPTURE_AUTORELEASING = YES;
				CLANG_WARN_BOOL_CONVERSION = YES;
				CLANG_WARN_COMMA = YES;
				CLANG_WARN_CONSTANT_CONVERSION = YES;
				CLANG_WARN_DEPRECATED_OBJC_IMPLEMENTATIONS = YES;
				CLANG_WARN_DIRECT_OBJC_ISA_USAGE = YES_ERROR;
				CLANG_WARN_DOCUMENTATION_COMMENTS = YES;
				CLANG_WARN_EMPTY_BODY = YES;
				CLANG_WARN_ENUM_CONVERSION = YES;
				CLANG_WARN_INFINITE_RECURSION = YES;
				CLANG_WARN_INT_CONVERSION = YES;
				CLANG_WARN_NON_LITERAL_NULL_CONVERSION = YES;
				CLANG_WARN_OBJC_IMPLICIT_RETAIN_SELF = YES;
				CLANG_WARN_OBJC_LITERAL_CONVERSION = YES;
				CLANG_WARN_OBJC_ROOT_CLASS = YES_ERROR;
				CLANG_WARN_QUOTED_INCLUDE_IN_FRAMEWORK_HEADER = YES;
				CLANG_WARN_RANGE_LOOP_ANALYSIS = YES;
				CLANG_WARN_STRICT_PROTOTYPES = YES;
				CLANG_WARN_SUSPICIOUS_MOVE = YES;
				CLANG_WARN_UNGUARDED_AVAILABILITY = YES_AGGRESSIVE;
				CLANG_WARN_UNREACHABLE_CODE = YES;
				CLANG_WARN__DUPLICATE_METHOD_MATCH = YES;
				CODE_SIGNING_ALLOWED = NO;
				COPY_PHASE_STRIP = NO;
				DEBUG_INFORMATION_FORMAT = "dwarf-with-dsym";
				ENABLE_NS_ASSERTIONS = NO;
				ENABLE_STRICT_OBJC_MSGSEND = YES;
				ENABLE_USER_SCRIPT_SANDBOXING = YES;
				GCC_C_LANGUAGE_STANDARD = gnu11;
				GCC_NO_COMMON_BLOCKS = YES;
				GCC_WARN_64_TO_32_BIT_CONVERSION = YES;
				GCC_WARN_ABOUT_RETURN_TYPE = YES_ERROR;
				GCC_WARN_UNDECLARED_SELECTOR = YES;
				GCC_WARN_UNINITIALIZED_AUTOS = YES_AGGRESSIVE;
				GCC_WARN_UNUSED_FUNCTION = YES;
				GCC_WARN_UNUSED_VARIABLE = YES;
				IPHONEOS_DEPLOYMENT_TARGET = 17.0;
				MTL_ENABLE_DEBUG_INFO = NO;
				MTL_FAST_MATH = YES;
				PRODUCT_NAME = "$(TARGET_NAME)";
				SDKROOT = iphoneos;
				SWIFT_COMPILATION_MODE = wholemodule;
				SWIFT_OPTIMIZATION_LEVEL = "-O";
				SWIFT_VERSION = 5.0;
			};
			name = Release;
		};
		D9A892D04C5A58676E6195ED /* Release */ = {
			isa = XCBuildConfiguration;
			buildSettings = {
				BUNDLE_LOADER = "$(TEST_HOST)";
				GENERATE_INFOPLIST_FILE = YES;
				LD_RUNPATH_SEARCH_PATHS = (
					"$(inherited)",
					"@executable_path/Frameworks",
					"@loader_path/Frameworks",
				);
				PRODUCT_BUNDLE_IDENTIFIER = com.thermalguard.coretests;
				SDKROOT = iphoneos;
				TARGETED_DEVICE_FAMILY = "1,2";
			};
			name = Release;
		};
		F40EA0D2500005E40503B475 /* Release */ = {
			isa = XCBuildConfiguration;
			buildSettings = {
				ASSETCATALOG_COMPILER_APPICON_NAME = AppIcon;
				CODE_SIGN_IDENTITY = "iPhone Developer";
				CURRENT_PROJECT_VERSION = 1;
				INFOPLIST_FILE = Info/User.plist;
				INFOPLIST_KEY_UIStatusBarStyle = UIStatusBarStyleLightContent;
				LD_RUNPATH_SEARCH_PATHS = (
					"$(inherited)",
					"@executable_path/Frameworks",
				);
				MARKETING_VERSION = 1.0;
				PRODUCT_BUNDLE_IDENTIFIER = com.thermalguard.user;
				PRODUCT_NAME = ThermalGuardUser;
				SDKROOT = iphoneos;
				TARGETED_DEVICE_FAMILY = 1;
			};
			name = Release;
		};
/* End XCBuildConfiguration section */

/* Begin XCConfigurationList section */
		0949B9646AD6E2D37D0785AF /* Build configuration list for PBXNativeTarget "ThermalGuardUser" */ = {
			isa = XCConfigurationList;
			buildConfigurations = (
				3F06AD7CFEDA05870A805D67 /* Debug */,
				F40EA0D2500005E40503B475 /* Release */,
			);
			defaultConfigurationIsVisible = 0;
			defaultConfigurationName = Debug;
		};
		4F2A05BA88AB33EC07864366 /* Build configuration list for PBXNativeTarget "ThermalGuardSystem" */ = {
			isa = XCConfigurationList;
			buildConfigurations = (
				3AA4B198C364714A5A3702A7 /* Debug */,
				B0DD695298D9D98640F9CA41 /* Release */,
			);
			defaultConfigurationIsVisible = 0;
			defaultConfigurationName = Debug;
		};
		BBD76593DD040B65060ED371 /* Build configuration list for PBXProject "ThermalGuard" */ = {
			isa = XCConfigurationList;
			buildConfigurations = (
				87C5D40CEEADE607D7AA5437 /* Debug */,
				C412CF3F1D52F48A022B4BF4 /* Release */,
			);
			defaultConfigurationIsVisible = 0;
			defaultConfigurationName = Debug;
		};
		C095BA5B08B22591331EE824 /* Build configuration list for PBXNativeTarget "ThermalGuardCoreTests" */ = {
			isa = XCConfigurationList;
			buildConfigurations = (
				15ED76095A443ACBB4794B08 /* Debug */,
				D9A892D04C5A58676E6195ED /* Release */,
			);
			defaultConfigurationIsVisible = 0;
			defaultConfigurationName = Debug;
		};
/* End XCConfigurationList section */
	};
	rootObject = 7AC313E8958C0D3C155FCA7E /* Project object */;
}
